<?xml version="1.0" encoding="utf-8"?>
<Project ToolsVersion="4.0" xmlns="http://schemas.microsoft.com/developer/msbuild/2003">
  <ItemGroup>
    <Filter Include="소스 파일">
      <UniqueIdentifier>{4FC737F1-C7A5-4376-A066-2A32D752A2FF}</UniqueIdentifier>
      <Extensions>cpp;c;cc;cxx;def;odl;idl;hpj;bat;asm;asmx</Extensions>
    </Filter>
    <Filter Include="헤더 파일">
      <UniqueIdentifier>{93995380-89BD-4b04-88EB-625FBE52EBFB}</UniqueIdentifier>
      <Extensions>h;hh;hpp;hxx;hm;inl;inc;ipp;xsd</Extensions>
    </Filter>
    <Filter Include="리소스 파일">
      <UniqueIdentifier>{67DA6AB6-F800-4c08-8B7A-83BB121AAD01}</UniqueIdentifier>
      <Extensions>rc;ico;cur;bmp;dlg;rc2;rct;bin;rgs;gif;jpg;jpeg;jpe;resx;tiff;tif;png;wav;mfcribbon-ms</Extensions>
    </Filter>
    <Filter Include="소스 파일\4장">
      <UniqueIdentifier>{651ffbdb-b20b-4e54-90e8-eab1d4370d87}</UniqueIdentifier>
    </Filter>
    <Filter Include="소스 파일\1,2,3장">
      <UniqueIdentifier>{82f6560b-bb61-469b-bca2-1c5f83ad466f}</UniqueIdentifier>
    </Filter>
    <Filter Include="소스 파일\5장">
      <UniqueIdentifier>{3fd17563-cc82-490b-90eb-9c42b720049c}</UniqueIdentifier>
    </Filter>
    <Filter Include="소스 파일\6장">
      <UniqueIdentifier>{e6f07be2-91f7-4ed4-8057-87cd4dc9488d}</UniqueIdentifier>
    </Filter>
    <Filter Include="소스 파일\7장">
      <UniqueIdentifier>{f5ecba2e-56df-4405-bcf7-1b9fa93ae646}</UniqueIdentifier>
    </Filter>
    <Filter Include="소스 파일\8장">
      <UniqueIdentifier>{f93c0a49-2794-492b-a7e5-6783ea99039e}</UniqueIdentifier>
    </Filter>
    <Filter Include="소스 파일\10장">
      <UniqueIdentifier>{3a63f2cb-7ace-4762-949a-083138e18b2d}</UniqueIdentifier>
    </Filter>
    <Filter Include="소스 파일\11장">
      <UniqueIdentifier>{e37334c7-2c86-4d1c-ae8f-145c14384518}</UniqueIdentifier>
    </Filter>
  </ItemGroup>
  <ItemGroup>
    <ClCompile Include="c11_08_2013184043_01.c">
      <Filter>소스 파일\4장</Filter>
    </ClCompile>
    <ClCompile Include="c11_08_2013184043_02.c">
      <Filter>소스 파일\4장</Filter>
    </ClCompile>
    <ClCompile Include="c11_08_2013184043_03.c">
      <Filter>소스 파일\4장</Filter>
    </ClCompile>
    <ClCompile Include="c11_08_2013184043_04.c">
      <Filter>소스 파일\4장</Filter>
    </ClCompile>
    <ClCompile Include="c11_02_2013184043_02.c">
      <Filter>소스 파일\1,2,3장</Filter>
    </ClCompile>
    <ClCompile Include="c11_03_2013184043.c">
      <Filter>소스 파일\1,2,3장</Filter>
    </ClCompile>
    <ClCompile Include="c11_07_2013184043_01.c">
      <Filter>소스 파일\1,2,3장</Filter>
    </ClCompile>
    <ClCompile Include="c11_07_2013184043_02.c">
      <Filter>소스 파일\1,2,3장</Filter>
    </ClCompile>
    <ClCompile Include="c11_07_2013184043_03.c">
      <Filter>소스 파일\1,2,3장</Filter>
    </ClCompile>
    <ClCompile Include="qsort.cpp">
      <Filter>소스 파일\1,2,3장</Filter>
    </ClCompile>
    <ClCompile Include="c11_09_2013184043.c">
      <Filter>소스 파일\4장</Filter>
    </ClCompile>
    <ClCompile Include="c11_11_2013184043.c">
      <Filter>소스 파일\5장</Filter>
    </ClCompile>
    <ClCompile Include="c11_12_2013184043_01.c">
      <Filter>소스 파일\5장</Filter>
    </ClCompile>
    <ClCompile Include="c11_12_2013184043_02.c">
      <Filter>소스 파일\5장</Filter>
    </ClCompile>
    <ClCompile Include="c11_12_2013184043_03.c">
      <Filter>소스 파일\5장</Filter>
    </ClCompile>
    <ClCompile Include="c11_12_2013184043_04.c">
      <Filter>소스 파일\5장</Filter>
    </ClCompile>
    <ClCompile Include="c11_12_2013184043_05.cpp">
      <Filter>소스 파일\5장</Filter>
    </ClCompile>
    <ClCompile Include="Test.cpp">
      <Filter>소스 파일</Filter>
    </ClCompile>
    <ClCompile Include="c11_13_2013184043.c">
      <Filter>소스 파일\6장</Filter>
    </ClCompile>
    <ClCompile Include="c11_14_2013184043_01.c">
      <Filter>소스 파일\6장</Filter>
    </ClCompile>
    <ClCompile Include="c11_14_2013184043_02.c">
      <Filter>소스 파일\6장</Filter>
    </ClCompile>
    <ClCompile Include="c11_14_2013184043_03.c">
      <Filter>소스 파일\6장</Filter>
    </ClCompile>
    <ClCompile Include="c11_14_2013184043_05.c">
      <Filter>소스 파일\6장</Filter>
    </ClCompile>
    <ClCompile Include="c11_17_2013184043_1.c">
      <Filter>소스 파일\7장</Filter>
    </ClCompile>
    <ClCompile Include="c11_17_2013184043_2.c">
      <Filter>소스 파일\7장</Filter>
    </ClCompile>
    <ClCompile Include="c11_19_20131843043.c">
      <Filter>소스 파일\7장</Filter>
    </ClCompile>
    <ClCompile Include="c11_20_2013184043_02.c">
      <Filter>소스 파일\7장</Filter>
    </ClCompile>
    <ClCompile Include="c11_20_2013184043_03.c">
      <Filter>소스 파일\7장</Filter>
    </ClCompile>
    <ClCompile Include="c11_20_2013184043_04.c">
      <Filter>소스 파일\7장</Filter>
    </ClCompile>
    <ClCompile Include="c11_21_2013184043.c">
      <Filter>소스 파일\7장</Filter>
    </ClCompile>
    <ClCompile Include="c11_25_2013184043_01.c">
      <Filter>소스 파일\8장</Filter>
    </ClCompile>
    <ClCompile Include="c11_25_2013184043_02.c">
      <Filter>소스 파일\8장</Filter>
    </ClCompile>
    <ClCompile Include="c11_25_2013184043_03.c">
      <Filter>소스 파일\8장</Filter>
    </ClCompile>
    <ClCompile Include="c11_25_2013184043_05.c">
      <Filter>소스 파일\8장</Filter>
    </ClCompile>
    <ClCompile Include="c11_25_2013184043_06.c">
      <Filter>소스 파일\8장</Filter>
    </ClCompile>
    <ClCompile Include="c11_28_2013184043.c">
      <Filter>소스 파일\10장</Filter>
    </ClCompile>
    <ClCompile Include="c11_30_02_2013184043.c">
      <Filter>소스 파일\11장</Filter>
    </ClCompile>
    <ClCompile Include="c11_30_03_2013184043.c">
      <Filter>소스 파일\11장</Filter>
    </ClCompile>
  </ItemGroup>
</Project>